
Microsoft Visual Studio Solution File, Format Version 12.00
# Visual Studio Version 17
VisualStudioVersion = 17.0.31903.59
MinimumVisualStudioVersion = 10.0.40219.1
Project("{2150E333-8FDC-42A3-9474-1A3956D46DE8}") = "local", "local", "{8978099D-E005-49CA-B84C-B5CDDF561AA3}"
EndProject
Project("{9A19103F-16F7-4668-BE54-9A1E7A4F7556}") = "Playground", "local\Playground\Playground.csproj", "{AE6BF253-A5FA-4B80-A660-EDF3A0B4DAA9}"
EndProject
Project("{9A19103F-16F7-4668-BE54-9A1E7A4F7556}") = "Polyease", "Polyease\Polyease.csproj", "{0B31BCDF-F8C9-4B58-BDD8-0F6BE3E7C4FC}"
EndProject
Project("{2150E333-8FDC-42A3-9474-1A3956D46DE8}") = "misc", "misc", "{68C0AE0C-6A49-4383-88DA-5097BC9A614A}"
	ProjectSection(SolutionItems) = preProject
		..\.gitattributes = ..\.gitattributes
		..\.gitignore = ..\.gitignore
		..\license-dotnet.md = ..\license-dotnet.md
		..\readme.md = ..\readme.md
	EndProjectSection
EndProject
Global
	GlobalSection(SolutionConfigurationPlatforms) = preSolution
		Debug|Any CPU = Debug|Any CPU
		Release|Any CPU = Release|Any CPU
	EndGlobalSection
	GlobalSection(ProjectConfigurationPlatforms) = postSolution
		{AE6BF253-A5FA-4B80-A660-EDF3A0B4DAA9}.Debug|Any CPU.ActiveCfg = Debug|Any CPU
		{AE6BF253-A5FA-4B80-A660-EDF3A0B4DAA9}.Debug|Any CPU.Build.0 = Debug|Any CPU
		{AE6BF253-A5FA-4B80-A660-EDF3A0B4DAA9}.Release|Any CPU.ActiveCfg = Release|Any CPU
		{AE6BF253-A5FA-4B80-A660-EDF3A0B4DAA9}.Release|Any CPU.Build.0 = Release|Any CPU
		{0B31BCDF-F8C9-4B58-BDD8-0F6BE3E7C4FC}.Debug|Any CPU.ActiveCfg = Debug|Any CPU
		{0B31BCDF-F8C9-4B58-BDD8-0F6BE3E7C4FC}.Debug|Any CPU.Build.0 = Debug|Any CPU
		{0B31BCDF-F8C9-4B58-BDD8-0F6BE3E7C4FC}.Release|Any CPU.ActiveCfg = Release|Any CPU
		{0B31BCDF-F8C9-4B58-BDD8-0F6BE3E7C4FC}.Release|Any CPU.Build.0 = Release|Any CPU
	EndGlobalSection
	GlobalSection(SolutionProperties) = preSolution
		HideSolutionNode = FALSE
	EndGlobalSection
	GlobalSection(NestedProjects) = preSolution
		{AE6BF253-A5FA-4B80-A660-EDF3A0B4DAA9} = {8978099D-E005-49CA-B84C-B5CDDF561AA3}
	EndGlobalSection
	GlobalSection(ExtensibilityGlobals) = postSolution
		SolutionGuid = {752BCEE0-D505-4671-A343-82C53AAE97C9}
	EndGlobalSection
EndGlobal
